
Microsoft Visual Studio Solution File, Format Version 12.00
# Visual Studio Version 16
VisualStudioVersion = 16.0.31424.327
MinimumVisualStudioVersion = 10.0.40219.1
Project("{8BC9CEB8-8B4A-11D0-8D11-00A0C91BC942}") = "Algorithms programming HW", "Algorithms programming HW.vcxproj", "{54DAA929-6606-413A-8B3A-37A4C216C0BD}"
EndProject
Global
	GlobalSection(SolutionConfigurationPlatforms) = preSolution
		Debug|x64 = Debug|x64
		Debug|x86 = Debug|x86
		Release|x64 = Release|x64
		Release|x86 = Release|x86
	EndGlobalSection
	GlobalSection(ProjectConfigurationPlatforms) = postSolution
		{54DAA929-6606-413A-8B3A-37A4C216C0BD}.Debug|x64.ActiveCfg = Debug|x64
		{54DAA929-6606-413A-8B3A-37A4C216C0BD}.Debug|x64.Build.0 = Debug|x64
		{54DAA929-6606-413A-8B3A-37A4C216C0BD}.Debug|x86.ActiveCfg = Debug|Win32
		{54DAA929-6606-413A-8B3A-37A4C216C0BD}.Debug|x86.Build.0 = Debug|Win32
		{54DAA929-6606-413A-8B3A-37A4C216C0BD}.Release|x64.ActiveCfg = Release|x64
		{54DAA929-6606-413A-8B3A-37A4C216C0BD}.Release|x64.Build.0 = Release|x64
		{54DAA929-6606-413A-8B3A-37A4C216C0BD}.Release|x86.ActiveCfg = Release|Win32
		{54DAA929-6606-413A-8B3A-37A4C216C0BD}.Release|x86.Build.0 = Release|Win32
	EndGlobalSection
	GlobalSection(SolutionProperties) = preSolution
		HideSolutionNode = FALSE
	EndGlobalSection
	GlobalSection(ExtensibilityGlobals) = postSolution
		SolutionGuid = {FEE8A217-59DE-4CD8-AD4E-83175136851D}
	EndGlobalSection
EndGlobal
